// !$*UTF8*$!
{
	archiveVersion = 1;
	classes = {
	};
	objectVersion = 46;
	objects = {

/* Begin PBXBuildFile section */
		8998D48C1A9E5CC400D9A93F /* AppDelegate.swift in Sources */ = {isa = PBXBuildFile; fileRef = 8998D48B1A9E5CC400D9A93F /* AppDelegate.swift */; };
		8998D48E1A9E5CC400D9A93F /* ViewController.swift in Sources */ = {isa = PBXBuildFile; fileRef = 8998D48D1A9E5CC400D9A93F /* ViewController.swift */; };
		8998D4911A9E5CC400D9A93F /* Main.storyboard in Resources */ = {isa = PBXBuildFile; fileRef = 8998D48F1A9E5CC400D9A93F /* Main.storyboard */; };
		8998D4931A9E5CC400D9A93F /* Images.xcassets in Resources */ = {isa = PBXBuildFile; fileRef = 8998D4921A9E5CC400D9A93F /* Images.xcassets */; };
		8998D4961A9E5CC400D9A93F /* LaunchScreen.xib in Resources */ = {isa = PBXBuildFile; fileRef = 8998D4941A9E5CC400D9A93F /* LaunchScreen.xib */; };
		8998D4A21A9E5CC400D9A93F /* HamburgerMenuTests.swift in Sources */ = {isa = PBXBuildFile; fileRef = 8998D4A11A9E5CC400D9A93F /* HamburgerMenuTests.swift */; };
		8998D4AC1A9E5CEF00D9A93F /* MainViewController.swift in Sources */ = {isa = PBXBuildFile; fileRef = 8998D4AB1A9E5CEF00D9A93F /* MainViewController.swift */; };
		8998D4AE1A9E5CF900D9A93F /* MenuViewController.swift in Sources */ = {isa = PBXBuildFile; fileRef = 8998D4AD1A9E5CF900D9A93F /* MenuViewController.swift */; };
/* End PBXBuildFile section */

/* Begin PBXContainerItemProxy section */
		8998D49C1A9E5CC400D9A93F /* PBXContainerItemProxy */ = {
			isa = PBXContainerItemProxy;
			containerPortal = 8998D47E1A9E5CC400D9A93F /* Project object */;
			proxyType = 1;
			remoteGlobalIDString = 8998D4851A9E5CC400D9A93F;
			remoteInfo = HamburgerMenu;
		};
/* End PBXContainerItemProxy section */

/* Begin PBXFileReference section */
		8998D4861A9E5CC400D9A93F /* HamburgerMenu.app */ = {isa = PBXFileReference; explicitFileType = wrapper.application; includeInIndex = 0; path = HamburgerMenu.app; sourceTree = BUILT_PRODUCTS_DIR; };
		8998D48A1A9E5CC400D9A93F /* Info.plist */ = {isa = PBXFileReference; lastKnownFileType = text.plist.xml; path = Info.plist; sourceTree = "<group>"; };
		8998D48B1A9E5CC400D9A93F /* AppDelegate.swift */ = {isa = PBXFileReference; lastKnownFileType = sourcecode.swift; path = AppDelegate.swift; sourceTree = "<group>"; };
		8998D48D1A9E5CC400D9A93F /* ViewController.swift */ = {isa = PBXFileReference; lastKnownFileType = sourcecode.swift; path = ViewController.swift; sourceTree = "<group>"; };
		8998D4901A9E5CC400D9A93F /* Base */ = {isa = PBXFileReference; lastKnownFileType = file.storyboard; name = Base; path = Base.lproj/Main.storyboard; sourceTree = "<group>"; };
		8998D4921A9E5CC400D9A93F /* Images.xcassets */ = {isa = PBXFileReference; lastKnownFileType = folder.assetcatalog; path = Images.xcassets; sourceTree = "<group>"; };
		8998D4951A9E5CC400D9A93F /* Base */ = {isa = PBXFileReference; lastKnownFileType = file.xib; name = Base; path = Base.lproj/LaunchScreen.xib; sourceTree = "<group>"; };
		8998D49B1A9E5CC400D9A93F /* HamburgerMenuTests.xctest */ = {isa = PBXFileReference; explicitFileType = wrapper.cfbundle; includeInIndex = 0; path = HamburgerMenuTests.xctest; sourceTree = BUILT_PRODUCTS_DIR; };
		8998D4A01A9E5CC400D9A93F /* Info.plist */ = {isa = PBXFileReference; lastKnownFileType = text.plist.xml; path = Info.plist; sourceTree = "<group>"; };
		8998D4A11A9E5CC400D9A93F /* HamburgerMenuTests.swift */ = {isa = PBXFileReference; lastKnownFileType = sourcecode.swift; path = HamburgerMenuTests.swift; sourceTree = "<group>"; };
		8998D4AB1A9E5CEF00D9A93F /* MainViewController.swift */ = {isa = PBXFileReference; fileEncoding = 4; lastKnownFileType = sourcecode.swift; path = MainViewController.swift; sourceTree = "<group>"; };
		8998D4AD1A9E5CF900D9A93F /* MenuViewController.swift */ = {isa = PBXFileReference; fileEncoding = 4; lastKnownFileType = sourcecode.swift; path = MenuViewController.swift; sourceTree = "<group>"; };
/* End PBXFileReference section */

/* Begin PBXFrameworksBuildPhase section */
		8998D4831A9E5CC400D9A93F /* Frameworks */ = {
			isa = PBXFrameworksBuildPhase;
			buildActionMask = 2147483647;
			files = (
			);
			runOnlyForDeploymentPostprocessing = 0;
		};
		8998D4981A9E5CC400D9A93F /* Frameworks */ = {
			isa = PBXFrameworksBuildPhase;
			buildActionMask = 2147483647;
			files = (
			);
			runOnlyForDeploymentPostprocessing = 0;
		};
/* End PBXFrameworksBuildPhase section */

/* Begin PBXGroup section */
		8998D47D1A9E5CC400D9A93F = {
			isa = PBXGroup;
			children = (
				8998D4881A9E5CC400D9A93F /* HamburgerMenu */,
				8998D49E1A9E5CC400D9A93F /* HamburgerMenuTests */,
				8998D4871A9E5CC400D9A93F /* Products */,
			);
			sourceTree = "<group>";
		};
		8998D4871A9E5CC400D9A93F /* Products */ = {
			isa = PBXGroup;
			children = (
				8998D4861A9E5CC400D9A93F /* HamburgerMenu.app */,
				8998D49B1A9E5CC400D9A93F /* HamburgerMenuTests.xctest */,
			);
			name = Products;
			sourceTree = "<group>";
		};
		8998D4881A9E5CC400D9A93F /* HamburgerMenu */ = {
			isa = PBXGroup;
			children = (
				8998D48B1A9E5CC400D9A93F /* AppDelegate.swift */,
				8998D48D1A9E5CC400D9A93F /* ViewController.swift */,
				8998D48F1A9E5CC400D9A93F /* Main.storyboard */,
				8998D4921A9E5CC400D9A93F /* Images.xcassets */,
				8998D4941A9E5CC400D9A93F /* LaunchScreen.xib */,
				8998D4891A9E5CC400D9A93F /* Supporting Files */,
				8998D4AB1A9E5CEF00D9A93F /* MainViewController.swift */,
				8998D4AD1A9E5CF900D9A93F /* MenuViewController.swift */,
			);
			path = HamburgerMenu;
			sourceTree = "<group>";
		};
		8998D4891A9E5CC400D9A93F /* Supporting Files */ = {
			isa = PBXGroup;
			children = (
				8998D48A1A9E5CC400D9A93F /* Info.plist */,
			);
			name = "Supporting Files";
			sourceTree = "<group>";
		};
		8998D49E1A9E5CC400D9A93F /* HamburgerMenuTests */ = {
			isa = PBXGroup;
			children = (
				8998D4A11A9E5CC400D9A93F /* HamburgerMenuTests.swift */,
				8998D49F1A9E5CC400D9A93F /* Supporting Files */,
			);
			path = HamburgerMenuTests;
			sourceTree = "<group>";
		};
		8998D49F1A9E5CC400D9A93F /* Supporting Files */ = {
			isa = PBXGroup;
			children = (
				8998D4A01A9E5CC400D9A93F /* Info.plist */,
			);
			name = "Supporting Files";
			sourceTree = "<group>";
		};
/* End PBXGroup section */

/* Begin PBXNativeTarget section */
		8998D4851A9E5CC400D9A93F /* HamburgerMenu */ = {
			isa = PBXNativeTarget;
			buildConfigurationList = 8998D4A51A9E5CC400D9A93F /* Build configuration list for PBXNativeTarget "HamburgerMenu" */;
			buildPhases = (
				8998D4821A9E5CC400D9A93F /* Sources */,
				8998D4831A9E5CC400D9A93F /* Frameworks */,
				8998D4841A9E5CC400D9A93F /* Resources */,
			);
			buildRules = (
			);
			dependencies = (
			);
			name = HamburgerMenu;
			productName = HamburgerMenu;
			productReference = 8998D4861A9E5CC400D9A93F /* HamburgerMenu.app */;
			productType = "com.apple.product-type.application";
		};
		8998D49A1A9E5CC400D9A93F /* HamburgerMenuTests */ = {
			isa = PBXNativeTarget;
			buildConfigurationList = 8998D4A81A9E5CC400D9A93F /* Build configuration list for PBXNativeTarget "HamburgerMenuTests" */;
			buildPhases = (
				8998D4971A9E5CC400D9A93F /* Sources */,
				8998D4981A9E5CC400D9A93F /* Frameworks */,
				8998D4991A9E5CC400D9A93F /* Resources */,
			);
			buildRules = (
			);
			dependencies = (
				8998D49D1A9E5CC400D9A93F /* PBXTargetDependency */,
			);
			name = HamburgerMenuTests;
			productName = HamburgerMenuTests;
			productReference = 8998D49B1A9E5CC400D9A93F /* HamburgerMenuTests.xctest */;
			productType = "com.apple.product-type.bundle.unit-test";
		};
/* End PBXNativeTarget section */

/* Begin PBXProject section */
		8998D47E1A9E5CC400D9A93F /* Project object */ = {
			isa = PBXProject;
			attributes = {
				LastUpgradeCheck = 0610;
				ORGANIZATIONNAME = devtechie.com;
				TargetAttributes = {
					8998D4851A9E5CC400D9A93F = {
						CreatedOnToolsVersion = 6.1.1;
					};
					8998D49A1A9E5CC400D9A93F = {
						CreatedOnToolsVersion = 6.1.1;
						TestTargetID = 8998D4851A9E5CC400D9A93F;
					};
				};
			};
			buildConfigurationList = 8998D4811A9E5CC400D9A93F /* Build configuration list for PBXProject "HamburgerMenu" */;
			compatibilityVersion = "Xcode 3.2";
			developmentRegion = English;
			hasScannedForEncodings = 0;
			knownRegions = (
				en,
				Base,
			);
			mainGroup = 8998D47D1A9E5CC400D9A93F;
			productRefGroup = 8998D4871A9E5CC400D9A93F /* Products */;
			projectDirPath = "";
			projectRoot = "";
			targets = (
				8998D4851A9E5CC400D9A93F /* HamburgerMenu */,
				8998D49A1A9E5CC400D9A93F /* HamburgerMenuTests */,
			);
		};
/* End PBXProject section */

/* Begin PBXResourcesBuildPhase section */
		8998D4841A9E5CC400D9A93F /* Resources */ = {
			isa = PBXResourcesBuildPhase;
			buildActionMask = 2147483647;
			files = (
				8998D4911A9E5CC400D9A93F /* Main.storyboard in Resources */,
				8998D4961A9E5CC400D9A93F /* LaunchScreen.xib in Resources */,
				8998D4931A9E5CC400D9A93F /* Images.xcassets in Resources */,
			);
			runOnlyForDeploymentPostprocessing = 0;
		};
		8998D4991A9E5CC400D9A93F /* Resources */ = {
			isa = PBXResourcesBuildPhase;
			buildActionMask = 2147483647;
			files = (
			);
			runOnlyForDeploymentPostprocessing = 0;
		};
/* End PBXResourcesBuildPhase section */

/* Begin PBXSourcesBuildPhase section */
		8998D4821A9E5CC400D9A93F /* Sources */ = {
			isa = PBXSourcesBuildPhase;
			buildActionMask = 2147483647;
			files = (
				8998D4AC1A9E5CEF00D9A93F /* MainViewController.swift in Sources */,
				8998D48E1A9E5CC400D9A93F /* ViewController.swift in Sources */,
				8998D48C1A9E5CC400D9A93F /* AppDelegate.swift in Sources */,
				8998D4AE1A9E5CF900D9A93F /* MenuViewController.swift in Sources */,
			);
			runOnlyForDeploymentPostprocessing = 0;
		};
		8998D4971A9E5CC400D9A93F /* Sources */ = {
			isa = PBXSourcesBuildPhase;
			buildActionMask = 2147483647;
			files = (
				8998D4A21A9E5CC400D9A93F /* HamburgerMenuTests.swift in Sources */,
			);
			runOnlyForDeploymentPostprocessing = 0;
		};
/* End PBXSourcesBuildPhase section */

/* Begin PBXTargetDependency section */
		8998D49D1A9E5CC400D9A93F /* PBXTargetDependency */ = {
			isa = PBXTargetDependency;
			target = 8998D4851A9E5CC400D9A93F /* HamburgerMenu */;
			targetProxy = 8998D49C1A9E5CC400D9A93F /* PBXContainerItemProxy */;
		};
/* End PBXTargetDependency section */

/* Begin PBXVariantGroup section */
		8998D48F1A9E5CC400D9A93F /* Main.storyboard */ = {
			isa = PBXVariantGroup;
			children = (
				8998D4901A9E5CC400D9A93F /* Base */,
			);
			name = Main.storyboard;
			sourceTree = "<group>";
		};
		8998D4941A9E5CC400D9A93F /* LaunchScreen.xib */ = {
			isa = PBXVariantGroup;
			children = (
				8998D4951A9E5CC400D9A93F /* Base */,
			);
			name = LaunchScreen.xib;
			sourceTree = "<group>";
		};
/* End PBXVariantGroup section */

/* Begin XCBuildConfiguration section */
		8998D4A31A9E5CC400D9A93F /* Debug */ = {
			isa = XCBuildConfiguration;
			buildSettings = {
				ALWAYS_SEARCH_USER_PATHS = NO;
				CLANG_CXX_LANGUAGE_STANDARD = "gnu++0x";
				CLANG_CXX_LIBRARY = "libc++";
				CLANG_ENABLE_MODULES = YES;
				CLANG_ENABLE_OBJC_ARC = YES;
				CLANG_WARN_BOOL_CONVERSION = YES;
				CLANG_WARN_CONSTANT_CONVERSION = YES;
				CLANG_WARN_DIRECT_OBJC_ISA_USAGE = YES_ERROR;
				CLANG_WARN_EMPTY_BODY = YES;
				CLANG_WARN_ENUM_CONVERSION = YES;
				CLANG_WARN_INT_CONVERSION = YES;
				CLANG_WARN_OBJC_ROOT_CLASS = YES_ERROR;
				CLANG_WARN_UNREACHABLE_CODE = YES;
				CLANG_WARN__DUPLICATE_METHOD_MATCH = YES;
				"CODE_SIGN_IDENTITY[sdk=iphoneos*]" = "iPhone Developer";
				COPY_PHASE_STRIP = NO;
				ENABLE_STRICT_OBJC_MSGSEND = YES;
				GCC_C_LANGUAGE_STANDARD = gnu99;
				GCC_DYNAMIC_NO_PIC = NO;
				GCC_OPTIMIZATION_LEVEL = 0;
				GCC_PREPROCESSOR_DEFINITIONS = (
					"DEBUG=1",
					"$(inherited)",
				);
				GCC_SYMBOLS_PRIVATE_EXTERN = NO;
				GCC_WARN_64_TO_32_BIT_CONVERSION = YES;
				GCC_WARN_ABOUT_RETURN_TYPE = YES_ERROR;
				GCC_WARN_UNDECLARED_SELECTOR = YES;
				GCC_WARN_UNINITIALIZED_AUTOS = YES_AGGRESSIVE;
				GCC_WARN_UNUSED_FUNCTION = YES;
				GCC_WARN_UNUSED_VARIABLE = YES;
				IPHONEOS_DEPLOYMENT_TARGET = 8.1;
				MTL_ENABLE_DEBUG_INFO = YES;
				ONLY_ACTIVE_ARCH = YES;
				SDKROOT = iphoneos;
				SWIFT_OPTIMIZATION_LEVEL = "-Onone";
			};
			name = Debug;
		};
		8998D4A41A9E5CC400D9A93F /* Release */ = {
			isa = XCBuildConfiguration;
			buildSettings = {
				ALWAYS_SEARCH_USER_PATHS = NO;
				CLANG_CXX_LANGUAGE_STANDARD = "gnu++0x";
				CLANG_CXX_LIBRARY = "libc++";
				CLANG_ENABLE_MODULES = YES;
				CLANG_ENABLE_OBJC_ARC = YES;
				CLANG_WARN_BOOL_CONVERSION = YES;
				CLANG_WARN_CONSTANT_CONVERSION = YES;
				CLANG_WARN_DIRECT_OBJC_ISA_USAGE = YES_ERROR;
				CLANG_WARN_EMPTY_BODY = YES;
				CLANG_WARN_ENUM_CONVERSION = YES;
				CLANG_WARN_INT_CONVERSION = YES;
				CLANG_WARN_OBJC_ROOT_CLASS = YES_ERROR;
				CLANG_WARN_UNREACHABLE_CODE = YES;
				CLANG_WARN__DUPLICATE_METHOD_MATCH = YES;
				"CODE_SIGN_IDENTITY[sdk=iphoneos*]" = "iPhone Developer";
				COPY_PHASE_STRIP = YES;
				ENABLE_NS_ASSERTIONS = NO;
				ENABLE_STRICT_OBJC_MSGSEND = YES;
				GCC_C_LANGUAGE_STANDARD = gnu99;
				GCC_WARN_64_TO_32_BIT_CONVERSION = YES;
				GCC_WARN_ABOUT_RETURN_TYPE = YES_ERROR;
				GCC_WARN_UNDECLARED_SELECTOR = YES;
				GCC_WARN_UNINITIALIZED_AUTOS = YES_AGGRESSIVE;
				GCC_WARN_UNUSED_FUNCTION = YES;
				GCC_WARN_UNUSED_VARIABLE = YES;
				IPHONEOS_DEPLOYMENT_TARGET = 8.1;
				MTL_ENABLE_DEBUG_INFO = NO;
				SDKROOT = iphoneos;
				VALIDATE_PRODUCT = YES;
			};
			name = Release;
		};
		8998D4A61A9E5CC400D9A93F /* Debug */ = {
			isa = XCBuildConfiguration;
			buildSettings = {
				ASSETCATALOG_COMPILER_APPICON_NAME = AppIcon;
				INFOPLIST_FILE = HamburgerMenu/Info.plist;
				LD_RUNPATH_SEARCH_PATHS = "$(inherited) @executable_path/Frameworks";
				PRODUCT_NAME = "$(TARGET_NAME)";
			};
			name = Debug;
		};
		8998D4A71A9E5CC400D9A93F /* Release */ = {
			isa = XCBuildConfiguration;
			buildSettings = {
				ASSETCATALOG_COMPILER_APPICON_NAME = AppIcon;
				INFOPLIST_FILE = HamburgerMenu/Info.plist;
				LD_RUNPATH_SEARCH_PATHS = "$(inherited) @executable_path/Frameworks";
				PRODUCT_NAME = "$(TARGET_NAME)";
			};
			name = Release;
		};
		8998D4A91A9E5CC400D9A93F /* Debug */ = {
			isa = XCBuildConfiguration;
			buildSettings = {
				BUNDLE_LOADER = "$(TEST_HOST)";
				FRAMEWORK_SEARCH_PATHS = (
					"$(SDKROOT)/Developer/Library/Frameworks",
					"$(inherited)",
				);
				GCC_PREPROCESSOR_DEFINITIONS = (
					"DEBUG=1",
					"$(inherited)",
				);
				INFOPLIST_FILE = HamburgerMenuTests/Info.plist;
				LD_RUNPATH_SEARCH_PATHS = "$(inherited) @executable_path/Frameworks @loader_path/Frameworks";
				PRODUCT_NAME = "$(TARGET_NAME)";
				TEST_HOST = "$(BUILT_PRODUCTS_DIR)/HamburgerMenu.app/HamburgerMenu";
			};
			name = Debug;
		};
		8998D4AA1A9E5CC400D9A93F /* Release */ = {
			isa = XCBuildConfiguration;
			buildSettings = {
				BUNDLE_LOADER = "$(TEST_HOST)";
				FRAMEWORK_SEARCH_PATHS = (
					"$(SDKROOT)/Developer/Library/Frameworks",
					"$(inherited)",
				);
				INFOPLIST_FILE = HamburgerMenuTests/Info.plist;
				LD_RUNPATH_SEARCH_PATHS = "$(inherited) @executable_path/Frameworks @loader_path/Frameworks";
				PRODUCT_NAME = "$(TARGET_NAME)";
				TEST_HOST = "$(BUILT_PRODUCTS_DIR)/HamburgerMenu.app/HamburgerMenu";
			};
			name = Release;
		};
/* End XCBuildConfiguration section */

/* Begin XCConfigurationList section */
		8998D4811A9E5CC400D9A93F /* Build configuration list for PBXProject "HamburgerMenu" */ = {
			isa = XCConfigurationList;
			buildConfigurations = (
				8998D4A31A9E5CC400D9A93F /* Debug */,
				8998D4A41A9E5CC400D9A93F /* Release */,
			);
			defaultConfigurationIsVisible = 0;
			defaultConfigurationName = Release;
		};
		8998D4A51A9E5CC400D9A93F /* Build configuration list for PBXNativeTarget "HamburgerMenu" */ = {
			isa = XCConfigurationList;
			buildConfigurations = (
				8998D4A61A9E5CC400D9A93F /* Debug */,
				8998D4A71A9E5CC400D9A93F /* Release */,
			);
			defaultConfigurationIsVisible = 0;
		};
		8998D4A81A9E5CC400D9A93F /* Build configuration list for PBXNativeTarget "HamburgerMenuTests" */ = {
			isa = XCConfigurationList;
			buildConfigurations = (
				8998D4A91A9E5CC400D9A93F /* Debug */,
				8998D4AA1A9E5CC400D9A93F /* Release */,
			);
			defaultConfigurationIsVisible = 0;
		};
/* End XCConfigurationList section */
	};
	rootObject = 8998D47E1A9E5CC400D9A93F /* Project object */;
}
